// !$*UTF8*$!
{
	archiveVersion = 1;
	classes = {
	};
	objectVersion = 77;
	objects = {

/* Begin PBXBuildFile section */
		946AFED82E1463E100DCF1CD /* FirebaseAI in Frameworks */ = {isa = PBXBuildFile; productRef = 946AFED72E1463E100DCF1CD /* FirebaseAI */; };
		946AFEDA2E1463E100DCF1CD /* FirebaseAnalytics in Frameworks */ = {isa = PBXBuildFile; productRef = 946AFED92E1463E100DCF1CD /* FirebaseAnalytics */; };
		946AFEDC2E1463E100DCF1CD /* FirebaseAnalyticsCore in Frameworks */ = {isa = PBXBuildFile; productRef = 946AFEDB2E1463E100DCF1CD /* FirebaseAnalyticsCore */; };
		946AFEDE2E1463E100DCF1CD /* FirebaseAnalyticsIdentitySupport in Frameworks */ = {isa = PBXBuildFile; productRef = 946AFEDD2E1463E100DCF1CD /* FirebaseAnalyticsIdentitySupport */; };
		946AFEE02E1463E100DCF1CD /* FirebaseAnalyticsOnDeviceConversion in Frameworks */ = {isa = PBXBuildFile; productRef = 946AFEDF2E1463E100DCF1CD /* FirebaseAnalyticsOnDeviceConversion */; };
		946AFEE22E1463E100DCF1CD /* FirebaseAnalyticsWithoutAdIdSupport in Frameworks */ = {isa = PBXBuildFile; productRef = 946AFEE12E1463E100DCF1CD /* FirebaseAnalyticsWithoutAdIdSupport */; };
		946AFEE42E1463E100DCF1CD /* FirebaseAppCheck in Frameworks */ = {isa = PBXBuildFile; productRef = 946AFEE32E1463E100DCF1CD /* FirebaseAppCheck */; };
		946AFEE62E1463E100DCF1CD /* FirebaseAppDistribution-Beta in Frameworks */ = {isa = PBXBuildFile; productRef = 946AFEE52E1463E100DCF1CD /* FirebaseAppDistribution-Beta */; };
		946AFEE82E1463E100DCF1CD /* FirebaseAuth in Frameworks */ = {isa = PBXBuildFile; productRef = 946AFEE72E1463E100DCF1CD /* FirebaseAuth */; };
		946AFEEA2E1463E100DCF1CD /* FirebaseAuthCombine-Community in Frameworks */ = {isa = PBXBuildFile; productRef = 946AFEE92E1463E100DCF1CD /* FirebaseAuthCombine-Community */; };
		946AFEEC2E1463E100DCF1CD /* FirebaseCore in Frameworks */ = {isa = PBXBuildFile; productRef = 946AFEEB2E1463E100DCF1CD /* FirebaseCore */; };
		946AFEEE2E1463E100DCF1CD /* FirebaseCrashlytics in Frameworks */ = {isa = PBXBuildFile; productRef = 946AFEED2E1463E100DCF1CD /* FirebaseCrashlytics */; };
		946AFEF02E1463E100DCF1CD /* FirebaseDatabase in Frameworks */ = {isa = PBXBuildFile; productRef = 946AFEEF2E1463E100DCF1CD /* FirebaseDatabase */; };
		946AFEF22E1463E100DCF1CD /* FirebaseDynamicLinks in Frameworks */ = {isa = PBXBuildFile; productRef = 946AFEF12E1463E100DCF1CD /* FirebaseDynamicLinks */; };
		946AFEF42E1463E100DCF1CD /* FirebaseFirestore in Frameworks */ = {isa = PBXBuildFile; productRef = 946AFEF32E1463E100DCF1CD /* FirebaseFirestore */; };
		946AFEF62E1463E100DCF1CD /* FirebaseFirestoreCombine-Community in Frameworks */ = {isa = PBXBuildFile; productRef = 946AFEF52E1463E100DCF1CD /* FirebaseFirestoreCombine-Community */; };
		946AFEF82E1463E100DCF1CD /* FirebaseFunctions in Frameworks */ = {isa = PBXBuildFile; productRef = 946AFEF72E1463E100DCF1CD /* FirebaseFunctions */; };
		946AFEFA2E1463E100DCF1CD /* FirebaseFunctionsCombine-Community in Frameworks */ = {isa = PBXBuildFile; productRef = 946AFEF92E1463E100DCF1CD /* FirebaseFunctionsCombine-Community */; };
		946AFEFC2E1463E100DCF1CD /* FirebaseInAppMessaging-Beta in Frameworks */ = {isa = PBXBuildFile; productRef = 946AFEFB2E1463E100DCF1CD /* FirebaseInAppMessaging-Beta */; };
		946AFEFE2E1463E100DCF1CD /* FirebaseInstallations in Frameworks */ = {isa = PBXBuildFile; productRef = 946AFEFD2E1463E100DCF1CD /* FirebaseInstallations */; };
		946AFF002E1463E100DCF1CD /* FirebaseMLModelDownloader in Frameworks */ = {isa = PBXBuildFile; productRef = 946AFEFF2E1463E100DCF1CD /* FirebaseMLModelDownloader */; };
		946AFF022E1463E100DCF1CD /* FirebaseMessaging in Frameworks */ = {isa = PBXBuildFile; productRef = 946AFF012E1463E100DCF1CD /* FirebaseMessaging */; };
		946AFF042E1463E100DCF1CD /* FirebasePerformance in Frameworks */ = {isa = PBXBuildFile; productRef = 946AFF032E1463E100DCF1CD /* FirebasePerformance */; };
		946AFF062E1463E100DCF1CD /* FirebaseRemoteConfig in Frameworks */ = {isa = PBXBuildFile; productRef = 946AFF052E1463E100DCF1CD /* FirebaseRemoteConfig */; };
		946AFF082E1463E100DCF1CD /* FirebaseStorage in Frameworks */ = {isa = PBXBuildFile; productRef = 946AFF072E1463E100DCF1CD /* FirebaseStorage */; };
		946AFF0A2E1463E100DCF1CD /* FirebaseStorageCombine-Community in Frameworks */ = {isa = PBXBuildFile; productRef = 946AFF092E1463E100DCF1CD /* FirebaseStorageCombine-Community */; };
/* End PBXBuildFile section */

/* Begin PBXFileReference section */
		689605B82E132F0200AD0611 /* PokerBuyin.app */ = {isa = PBXFileReference; explicitFileType = wrapper.application; includeInIndex = 0; path = PokerBuyin.app; sourceTree = BUILT_PRODUCTS_DIR; };
/* End PBXFileReference section */

/* Begin PBXFileSystemSynchronizedBuildFileExceptionSet section */
		689605CA2E132F0400AD0611 /* Exceptions for "PokerBuyin" folder in "PokerBuyin" target */ = {
			isa = PBXFileSystemSynchronizedBuildFileExceptionSet;
			membershipExceptions = (
				Info.plist,
			);
			target = 689605B72E132F0200AD0611 /* PokerBuyin */;
		};
/* End PBXFileSystemSynchronizedBuildFileExceptionSet section */

/* Begin PBXFileSystemSynchronizedRootGroup section */
		689605BA2E132F0200AD0611 /* PokerBuyin */ = {
			isa = PBXFileSystemSynchronizedRootGroup;
			exceptions = (
				689605CA2E132F0400AD0611 /* Exceptions for "PokerBuyin" folder in "PokerBuyin" target */,
			);
			path = PokerBuyin;
			sourceTree = "<group>";
		};
/* End PBXFileSystemSynchronizedRootGroup section */

/* Begin PBXFrameworksBuildPhase section */
		689605B52E132F0200AD0611 /* Frameworks */ = {
			isa = PBXFrameworksBuildPhase;
			buildActionMask = 2147483647;
			files = (
				946AFEF82E1463E100DCF1CD /* FirebaseFunctions in Frameworks */,
				946AFEF02E1463E100DCF1CD /* FirebaseDatabase in Frameworks */,
				946AFEDE2E1463E100DCF1CD /* FirebaseAnalyticsIdentitySupport in Frameworks */,
				946AFF082E1463E100DCF1CD /* FirebaseStorage in Frameworks */,
				946AFEE22E1463E100DCF1CD /* FirebaseAnalyticsWithoutAdIdSupport in Frameworks */,
				946AFEEC2E1463E100DCF1CD /* FirebaseCore in Frameworks */,
				946AFEDA2E1463E100DCF1CD /* FirebaseAnalytics in Frameworks */,
				946AFF002E1463E100DCF1CD /* FirebaseMLModelDownloader in Frameworks */,
				946AFEF22E1463E100DCF1CD /* FirebaseDynamicLinks in Frameworks */,
				946AFEE02E1463E100DCF1CD /* FirebaseAnalyticsOnDeviceConversion in Frameworks */,
				946AFEE82E1463E100DCF1CD /* FirebaseAuth in Frameworks */,
				946AFEF42E1463E100DCF1CD /* FirebaseFirestore in Frameworks */,
				946AFEF62E1463E100DCF1CD /* FirebaseFirestoreCombine-Community in Frameworks */,
				946AFEFC2E1463E100DCF1CD /* FirebaseInAppMessaging-Beta in Frameworks */,
				946AFEFA2E1463E100DCF1CD /* FirebaseFunctionsCombine-Community in Frameworks */,
				946AFEE42E1463E100DCF1CD /* FirebaseAppCheck in Frameworks */,
				946AFF0A2E1463E100DCF1CD /* FirebaseStorageCombine-Community in Frameworks */,
				946AFF062E1463E100DCF1CD /* FirebaseRemoteConfig in Frameworks */,
				946AFEDC2E1463E100DCF1CD /* FirebaseAnalyticsCore in Frameworks */,
				946AFED82E1463E100DCF1CD /* FirebaseAI in Frameworks */,
				946AFF042E1463E100DCF1CD /* FirebasePerformance in Frameworks */,
				946AFEEE2E1463E100DCF1CD /* FirebaseCrashlytics in Frameworks */,
				946AFEE62E1463E100DCF1CD /* FirebaseAppDistribution-Beta in Frameworks */,
				946AFEEA2E1463E100DCF1CD /* FirebaseAuthCombine-Community in Frameworks */,
				946AFF022E1463E100DCF1CD /* FirebaseMessaging in Frameworks */,
				946AFEFE2E1463E100DCF1CD /* FirebaseInstallations in Frameworks */,
			);
			runOnlyForDeploymentPostprocessing = 0;
		};
/* End PBXFrameworksBuildPhase section */

/* Begin PBXGroup section */
		689605AF2E132F0200AD0611 = {
			isa = PBXGroup;
			children = (
				689605BA2E132F0200AD0611 /* PokerBuyin */,
				689605B92E132F0200AD0611 /* Products */,
			);
			sourceTree = "<group>";
		};
		689605B92E132F0200AD0611 /* Products */ = {
			isa = PBXGroup;
			children = (
				689605B82E132F0200AD0611 /* PokerBuyin.app */,
			);
			name = Products;
			sourceTree = "<group>";
		};
/* End PBXGroup section */

/* Begin PBXNativeTarget section */
		689605B72E132F0200AD0611 /* PokerBuyin */ = {
			isa = PBXNativeTarget;
			buildConfigurationList = 689605CB2E132F0400AD0611 /* Build configuration list for PBXNativeTarget "PokerBuyin" */;
			buildPhases = (
				689605B42E132F0200AD0611 /* Sources */,
				689605B52E132F0200AD0611 /* Frameworks */,
				689605B62E132F0200AD0611 /* Resources */,
			);
			buildRules = (
			);
			dependencies = (
			);
			fileSystemSynchronizedGroups = (
				689605BA2E132F0200AD0611 /* PokerBuyin */,
			);
			name = PokerBuyin;
			packageProductDependencies = (
				946AFED72E1463E100DCF1CD /* FirebaseAI */,
				946AFED92E1463E100DCF1CD /* FirebaseAnalytics */,
				946AFEDB2E1463E100DCF1CD /* FirebaseAnalyticsCore */,
				946AFEDD2E1463E100DCF1CD /* FirebaseAnalyticsIdentitySupport */,
				946AFEDF2E1463E100DCF1CD /* FirebaseAnalyticsOnDeviceConversion */,
				946AFEE12E1463E100DCF1CD /* FirebaseAnalyticsWithoutAdIdSupport */,
				946AFEE32E1463E100DCF1CD /* FirebaseAppCheck */,
				946AFEE52E1463E100DCF1CD /* FirebaseAppDistribution-Beta */,
				946AFEE72E1463E100DCF1CD /* FirebaseAuth */,
				946AFEE92E1463E100DCF1CD /* FirebaseAuthCombine-Community */,
				946AFEEB2E1463E100DCF1CD /* FirebaseCore */,
				946AFEED2E1463E100DCF1CD /* FirebaseCrashlytics */,
				946AFEEF2E1463E100DCF1CD /* FirebaseDatabase */,
				946AFEF12E1463E100DCF1CD /* FirebaseDynamicLinks */,
				946AFEF32E1463E100DCF1CD /* FirebaseFirestore */,
				946AFEF52E1463E100DCF1CD /* FirebaseFirestoreCombine-Community */,
				946AFEF72E1463E100DCF1CD /* FirebaseFunctions */,
				946AFEF92E1463E100DCF1CD /* FirebaseFunctionsCombine-Community */,
				946AFEFB2E1463E100DCF1CD /* FirebaseInAppMessaging-Beta */,
				946AFEFD2E1463E100DCF1CD /* FirebaseInstallations */,
				946AFEFF2E1463E100DCF1CD /* FirebaseMLModelDownloader */,
				946AFF012E1463E100DCF1CD /* FirebaseMessaging */,
				946AFF032E1463E100DCF1CD /* FirebasePerformance */,
				946AFF052E1463E100DCF1CD /* FirebaseRemoteConfig */,
				946AFF072E1463E100DCF1CD /* FirebaseStorage */,
				946AFF092E1463E100DCF1CD /* FirebaseStorageCombine-Community */,
			);
			productName = PokerBuyin;
			productReference = 689605B82E132F0200AD0611 /* PokerBuyin.app */;
			productType = "com.apple.product-type.application";
		};
/* End PBXNativeTarget section */

/* Begin PBXProject section */
		689605B02E132F0200AD0611 /* Project object */ = {
			isa = PBXProject;
			attributes = {
				BuildIndependentTargetsInParallel = 1;
				LastSwiftUpdateCheck = 1620;
				LastUpgradeCheck = 1620;
				TargetAttributes = {
					689605B72E132F0200AD0611 = {
						CreatedOnToolsVersion = 16.2;
					};
				};
			};
			buildConfigurationList = 689605B32E132F0200AD0611 /* Build configuration list for PBXProject "PokerBuyin" */;
			developmentRegion = en;
			hasScannedForEncodings = 0;
			knownRegions = (
				en,
				Base,
			);
			mainGroup = 689605AF2E132F0200AD0611;
			minimizedProjectReferenceProxies = 1;
			packageReferences = (
				946AFED62E14621400DCF1CD /* XCRemoteSwiftPackageReference "firebase-ios-sdk" */,
			);
			preferredProjectObjectVersion = 77;
			productRefGroup = 689605B92E132F0200AD0611 /* Products */;
			projectDirPath = "";
			projectRoot = "";
			targets = (
				689605B72E132F0200AD0611 /* PokerBuyin */,
			);
		};
/* End PBXProject section */

/* Begin PBXResourcesBuildPhase section */
		689605B62E132F0200AD0611 /* Resources */ = {
			isa = PBXResourcesBuildPhase;
			buildActionMask = 2147483647;
			files = (
			);
			runOnlyForDeploymentPostprocessing = 0;
		};
/* End PBXResourcesBuildPhase section */

/* Begin PBXSourcesBuildPhase section */
		689605B42E132F0200AD0611 /* Sources */ = {
			isa = PBXSourcesBuildPhase;
			buildActionMask = 2147483647;
			files = (
			);
			runOnlyForDeploymentPostprocessing = 0;
		};
/* End PBXSourcesBuildPhase section */

/* Begin XCBuildConfiguration section */
		689605CC2E132F0400AD0611 /* Debug */ = {
			isa = XCBuildConfiguration;
			buildSettings = {
				ASSETCATALOG_COMPILER_APPICON_NAME = AppIcon;
				ASSETCATALOG_COMPILER_GLOBAL_ACCENT_COLOR_NAME = AccentColor;
				CODE_SIGN_STYLE = Manual;
				CURRENT_PROJECT_VERSION = 1;
				DEVELOPMENT_TEAM = "";
				GENERATE_INFOPLIST_FILE = YES;
				INFOPLIST_FILE = PokerBuyin/Info.plist;
				INFOPLIST_KEY_UIApplicationSupportsIndirectInputEvents = YES;
				INFOPLIST_KEY_UILaunchScreen_Generation = NO;
				INFOPLIST_KEY_UILaunchStoryboardName = "Launch Screen";
				INFOPLIST_KEY_UISupportedInterfaceOrientations_iPad = "UIInterfaceOrientationPortrait UIInterfaceOrientationPortraitUpsideDown UIInterfaceOrientationLandscapeLeft UIInterfaceOrientationLandscapeRight";
				INFOPLIST_KEY_UISupportedInterfaceOrientations_iPhone = "UIInterfaceOrientationPortrait UIInterfaceOrientationLandscapeLeft UIInterfaceOrientationLandscapeRight";
				IPHONEOS_DEPLOYMENT_TARGET = 16.0;
				LD_RUNPATH_SEARCH_PATHS = (
					"$(inherited)",
					"@executable_path/Frameworks",
				);
				MARKETING_VERSION = 1.0;
				PRODUCT_BUNDLE_IDENTIFIER = com.personal.PokerBuyin;
				PRODUCT_NAME = "$(TARGET_NAME)";
				PROVISIONING_PROFILE_SPECIFIER = "";
				SWIFT_EMIT_LOC_STRINGS = YES;
				SWIFT_VERSION = 5.0;
				TARGETED_DEVICE_FAMILY = "1,2";
			};
			name = Debug;
		};
		689605CD2E132F0400AD0611 /* Release */ = {
			isa = XCBuildConfiguration;
			buildSettings = {
				ASSETCATALOG_COMPILER_APPICON_NAME = AppIcon;
				ASSETCATALOG_COMPILER_GLOBAL_ACCENT_COLOR_NAME = AccentColor;
				CODE_SIGN_STYLE = Manual;
				CURRENT_PROJECT_VERSION = 1;
				DEVELOPMENT_TEAM = "";
				GENERATE_INFOPLIST_FILE = YES;
				INFOPLIST_FILE = PokerBuyin/Info.plist;
				INFOPLIST_KEY_UIApplicationSupportsIndirectInputEvents = YES;
				INFOPLIST_KEY_UILaunchScreen_Generation = NO;
				INFOPLIST_KEY_UILaunchStoryboardName = "Launch Screen";
				INFOPLIST_KEY_UISupportedInterfaceOrientations_iPad = "UIInterfaceOrientationPortrait UIInterfaceOrientationPortraitUpsideDown UIInterfaceOrientationLandscapeLeft UIInterfaceOrientationLandscapeRight";
				INFOPLIST_KEY_UISupportedInterfaceOrientations_iPhone = "UIInterfaceOrientationPortrait UIInterfaceOrientationLandscapeLeft UIInterfaceOrientationLandscapeRight";
				IPHONEOS_DEPLOYMENT_TARGET = 16.0;
				LD_RUNPATH_SEARCH_PATHS = (
					"$(inherited)",
					"@executable_path/Frameworks",
				);
				MARKETING_VERSION = 1.0;
				PRODUCT_BUNDLE_IDENTIFIER = com.personal.PokerBuyin;
				PRODUCT_NAME = "$(TARGET_NAME)";
				PROVISIONING_PROFILE_SPECIFIER = "";
				SWIFT_EMIT_LOC_STRINGS = YES;
				SWIFT_VERSION = 5.0;
				TARGETED_DEVICE_FAMILY = "1,2";
			};
			name = Release;
		};
		689605CE2E132F0400AD0611 /* Debug */ = {
			isa = XCBuildConfiguration;
			buildSettings = {
				ALWAYS_SEARCH_USER_PATHS = NO;
				ASSETCATALOG_COMPILER_GENERATE_SWIFT_ASSET_SYMBOL_EXTENSIONS = YES;
				CLANG_ANALYZER_NONNULL = YES;
				CLANG_ANALYZER_NUMBER_OBJECT_CONVERSION = YES_AGGRESSIVE;
				CLANG_CXX_LANGUAGE_STANDARD = "gnu++20";
				CLANG_ENABLE_MODULES = YES;
				CLANG_ENABLE_OBJC_ARC = YES;
				CLANG_ENABLE_OBJC_WEAK = YES;
				CLANG_WARN_BLOCK_CAPTURE_AUTORELEASING = YES;
				CLANG_WARN_BOOL_CONVERSION = YES;
				CLANG_WARN_COMMA = YES;
				CLANG_WARN_CONSTANT_CONVERSION = YES;
				CLANG_WARN_DEPRECATED_OBJC_IMPLEMENTATIONS = YES;
				CLANG_WARN_DIRECT_OBJC_ISA_USAGE = YES_ERROR;
				CLANG_WARN_DOCUMENTATION_COMMENTS = YES;
				CLANG_WARN_EMPTY_BODY = YES;
				CLANG_WARN_ENUM_CONVERSION = YES;
				CLANG_WARN_INFINITE_RECURSION = YES;
				CLANG_WARN_INT_CONVERSION = YES;
				CLANG_WARN_NON_LITERAL_NULL_CONVERSION = YES;
				CLANG_WARN_OBJC_IMPLICIT_RETAIN_SELF = YES;
				CLANG_WARN_OBJC_LITERAL_CONVERSION = YES;
				CLANG_WARN_OBJC_ROOT_CLASS = YES_ERROR;
				CLANG_WARN_QUOTED_INCLUDE_IN_FRAMEWORK_HEADER = YES;
				CLANG_WARN_RANGE_LOOP_ANALYSIS = YES;
				CLANG_WARN_STRICT_PROTOTYPES = YES;
				CLANG_WARN_SUSPICIOUS_MOVE = YES;
				CLANG_WARN_UNGUARDED_AVAILABILITY = YES_AGGRESSIVE;
				CLANG_WARN_UNREACHABLE_CODE = YES;
				CLANG_WARN__DUPLICATE_METHOD_MATCH = YES;
				COPY_PHASE_STRIP = NO;
				DEBUG_INFORMATION_FORMAT = dwarf;
				ENABLE_STRICT_OBJC_MSGSEND = YES;
				ENABLE_TESTABILITY = YES;
				ENABLE_USER_SCRIPT_SANDBOXING = YES;
				GCC_C_LANGUAGE_STANDARD = gnu17;
				GCC_DYNAMIC_NO_PIC = NO;
				GCC_NO_COMMON_BLOCKS = YES;
				GCC_OPTIMIZATION_LEVEL = 0;
				GCC_PREPROCESSOR_DEFINITIONS = (
					"DEBUG=1",
					"$(inherited)",
				);
				GCC_WARN_64_TO_32_BIT_CONVERSION = YES;
				GCC_WARN_ABOUT_RETURN_TYPE = YES_ERROR;
				GCC_WARN_UNDECLARED_SELECTOR = YES;
				GCC_WARN_UNINITIALIZED_AUTOS = YES_AGGRESSIVE;
				GCC_WARN_UNUSED_FUNCTION = YES;
				GCC_WARN_UNUSED_VARIABLE = YES;
				IPHONEOS_DEPLOYMENT_TARGET = 18.2;
				LOCALIZATION_PREFERS_STRING_CATALOGS = YES;
				MTL_ENABLE_DEBUG_INFO = INCLUDE_SOURCE;
				MTL_FAST_MATH = YES;
				ONLY_ACTIVE_ARCH = YES;
				SDKROOT = iphoneos;
				SWIFT_ACTIVE_COMPILATION_CONDITIONS = "DEBUG $(inherited)";
				SWIFT_OPTIMIZATION_LEVEL = "-Onone";
			};
			name = Debug;
		};
		689605CF2E132F0400AD0611 /* Release */ = {
			isa = XCBuildConfiguration;
			buildSettings = {
				ALWAYS_SEARCH_USER_PATHS = NO;
				ASSETCATALOG_COMPILER_GENERATE_SWIFT_ASSET_SYMBOL_EXTENSIONS = YES;
				CLANG_ANALYZER_NONNULL = YES;
				CLANG_ANALYZER_NUMBER_OBJECT_CONVERSION = YES_AGGRESSIVE;
				CLANG_CXX_LANGUAGE_STANDARD = "gnu++20";
				CLANG_ENABLE_MODULES = YES;
				CLANG_ENABLE_OBJC_ARC = YES;
				CLANG_ENABLE_OBJC_WEAK = YES;
				CLANG_WARN_BLOCK_CAPTURE_AUTORELEASING = YES;
				CLANG_WARN_BOOL_CONVERSION = YES;
				CLANG_WARN_COMMA = YES;
				CLANG_WARN_CONSTANT_CONVERSION = YES;
				CLANG_WARN_DEPRECATED_OBJC_IMPLEMENTATIONS = YES;
				CLANG_WARN_DIRECT_OBJC_ISA_USAGE = YES_ERROR;
				CLANG_WARN_DOCUMENTATION_COMMENTS = YES;
				CLANG_WARN_EMPTY_BODY = YES;
				CLANG_WARN_ENUM_CONVERSION = YES;
				CLANG_WARN_INFINITE_RECURSION = YES;
				CLANG_WARN_INT_CONVERSION = YES;
				CLANG_WARN_NON_LITERAL_NULL_CONVERSION = YES;
				CLANG_WARN_OBJC_IMPLICIT_RETAIN_SELF = YES;
				CLANG_WARN_OBJC_LITERAL_CONVERSION = YES;
				CLANG_WARN_OBJC_ROOT_CLASS = YES_ERROR;
				CLANG_WARN_QUOTED_INCLUDE_IN_FRAMEWORK_HEADER = YES;
				CLANG_WARN_RANGE_LOOP_ANALYSIS = YES;
				CLANG_WARN_STRICT_PROTOTYPES = YES;
				CLANG_WARN_SUSPICIOUS_MOVE = YES;
				CLANG_WARN_UNGUARDED_AVAILABILITY = YES_AGGRESSIVE;
				CLANG_WARN_UNREACHABLE_CODE = YES;
				CLANG_WARN__DUPLICATE_METHOD_MATCH = YES;
				COPY_PHASE_STRIP = NO;
				DEBUG_INFORMATION_FORMAT = "dwarf-with-dsym";
				ENABLE_NS_ASSERTIONS = NO;
				ENABLE_STRICT_OBJC_MSGSEND = YES;
				ENABLE_USER_SCRIPT_SANDBOXING = YES;
				GCC_C_LANGUAGE_STANDARD = gnu17;
				GCC_NO_COMMON_BLOCKS = YES;
				GCC_WARN_64_TO_32_BIT_CONVERSION = YES;
				GCC_WARN_ABOUT_RETURN_TYPE = YES_ERROR;
				GCC_WARN_UNDECLARED_SELECTOR = YES;
				GCC_WARN_UNINITIALIZED_AUTOS = YES_AGGRESSIVE;
				GCC_WARN_UNUSED_FUNCTION = YES;
				GCC_WARN_UNUSED_VARIABLE = YES;
				IPHONEOS_DEPLOYMENT_TARGET = 18.2;
				LOCALIZATION_PREFERS_STRING_CATALOGS = YES;
				MTL_ENABLE_DEBUG_INFO = NO;
				MTL_FAST_MATH = YES;
				SDKROOT = iphoneos;
				SWIFT_COMPILATION_MODE = wholemodule;
				VALIDATE_PRODUCT = YES;
			};
			name = Release;
		};
/* End XCBuildConfiguration section */

/* Begin XCConfigurationList section */
		689605B32E132F0200AD0611 /* Build configuration list for PBXProject "PokerBuyin" */ = {
			isa = XCConfigurationList;
			buildConfigurations = (
				689605CE2E132F0400AD0611 /* Debug */,
				689605CF2E132F0400AD0611 /* Release */,
			);
			defaultConfigurationIsVisible = 0;
			defaultConfigurationName = Release;
		};
		689605CB2E132F0400AD0611 /* Build configuration list for PBXNativeTarget "PokerBuyin" */ = {
			isa = XCConfigurationList;
			buildConfigurations = (
				689605CC2E132F0400AD0611 /* Debug */,
				689605CD2E132F0400AD0611 /* Release */,
			);
			defaultConfigurationIsVisible = 0;
			defaultConfigurationName = Release;
		};
/* End XCConfigurationList section */

/* Begin XCRemoteSwiftPackageReference section */
		946AFED62E14621400DCF1CD /* XCRemoteSwiftPackageReference "firebase-ios-sdk" */ = {
			isa = XCRemoteSwiftPackageReference;
			repositoryURL = "https://github.com/firebase/firebase-ios-sdk";
			requirement = {
				kind = upToNextMajorVersion;
				minimumVersion = 11.15.0;
			};
		};
/* End XCRemoteSwiftPackageReference section */

/* Begin XCSwiftPackageProductDependency section */
		946AFED72E1463E100DCF1CD /* FirebaseAI */ = {
			isa = XCSwiftPackageProductDependency;
			package = 946AFED62E14621400DCF1CD /* XCRemoteSwiftPackageReference "firebase-ios-sdk" */;
			productName = FirebaseAI;
		};
		946AFED92E1463E100DCF1CD /* FirebaseAnalytics */ = {
			isa = XCSwiftPackageProductDependency;
			package = 946AFED62E14621400DCF1CD /* XCRemoteSwiftPackageReference "firebase-ios-sdk" */;
			productName = FirebaseAnalytics;
		};
		946AFEDB2E1463E100DCF1CD /* FirebaseAnalyticsCore */ = {
			isa = XCSwiftPackageProductDependency;
			package = 946AFED62E14621400DCF1CD /* XCRemoteSwiftPackageReference "firebase-ios-sdk" */;
			productName = FirebaseAnalyticsCore;
		};
		946AFEDD2E1463E100DCF1CD /* FirebaseAnalyticsIdentitySupport */ = {
			isa = XCSwiftPackageProductDependency;
			package = 946AFED62E14621400DCF1CD /* XCRemoteSwiftPackageReference "firebase-ios-sdk" */;
			productName = FirebaseAnalyticsIdentitySupport;
		};
		946AFEDF2E1463E100DCF1CD /* FirebaseAnalyticsOnDeviceConversion */ = {
			isa = XCSwiftPackageProductDependency;
			package = 946AFED62E14621400DCF1CD /* XCRemoteSwiftPackageReference "firebase-ios-sdk" */;
			productName = FirebaseAnalyticsOnDeviceConversion;
		};
		946AFEE12E1463E100DCF1CD /* FirebaseAnalyticsWithoutAdIdSupport */ = {
			isa = XCSwiftPackageProductDependency;
			package = 946AFED62E14621400DCF1CD /* XCRemoteSwiftPackageReference "firebase-ios-sdk" */;
			productName = FirebaseAnalyticsWithoutAdIdSupport;
		};
		946AFEE32E1463E100DCF1CD /* FirebaseAppCheck */ = {
			isa = XCSwiftPackageProductDependency;
			package = 946AFED62E14621400DCF1CD /* XCRemoteSwiftPackageReference "firebase-ios-sdk" */;
			productName = FirebaseAppCheck;
		};
		946AFEE52E1463E100DCF1CD /* FirebaseAppDistribution-Beta */ = {
			isa = XCSwiftPackageProductDependency;
			package = 946AFED62E14621400DCF1CD /* XCRemoteSwiftPackageReference "firebase-ios-sdk" */;
			productName = "FirebaseAppDistribution-Beta";
		};
		946AFEE72E1463E100DCF1CD /* FirebaseAuth */ = {
			isa = XCSwiftPackageProductDependency;
			package = 946AFED62E14621400DCF1CD /* XCRemoteSwiftPackageReference "firebase-ios-sdk" */;
			productName = FirebaseAuth;
		};
		946AFEE92E1463E100DCF1CD /* FirebaseAuthCombine-Community */ = {
			isa = XCSwiftPackageProductDependency;
			package = 946AFED62E14621400DCF1CD /* XCRemoteSwiftPackageReference "firebase-ios-sdk" */;
			productName = "FirebaseAuthCombine-Community";
		};
		946AFEEB2E1463E100DCF1CD /* FirebaseCore */ = {
			isa = XCSwiftPackageProductDependency;
			package = 946AFED62E14621400DCF1CD /* XCRemoteSwiftPackageReference "firebase-ios-sdk" */;
			productName = FirebaseCore;
		};
		946AFEED2E1463E100DCF1CD /* FirebaseCrashlytics */ = {
			isa = XCSwiftPackageProductDependency;
			package = 946AFED62E14621400DCF1CD /* XCRemoteSwiftPackageReference "firebase-ios-sdk" */;
			productName = FirebaseCrashlytics;
		};
		946AFEEF2E1463E100DCF1CD /* FirebaseDatabase */ = {
			isa = XCSwiftPackageProductDependency;
			package = 946AFED62E14621400DCF1CD /* XCRemoteSwiftPackageReference "firebase-ios-sdk" */;
			productName = FirebaseDatabase;
		};
		946AFEF12E1463E100DCF1CD /* FirebaseDynamicLinks */ = {
			isa = XCSwiftPackageProductDependency;
			package = 946AFED62E14621400DCF1CD /* XCRemoteSwiftPackageReference "firebase-ios-sdk" */;
			productName = FirebaseDynamicLinks;
		};
		946AFEF32E1463E100DCF1CD /* FirebaseFirestore */ = {
			isa = XCSwiftPackageProductDependency;
			package = 946AFED62E14621400DCF1CD /* XCRemoteSwiftPackageReference "firebase-ios-sdk" */;
			productName = FirebaseFirestore;
		};
		946AFEF52E1463E100DCF1CD /* FirebaseFirestoreCombine-Community */ = {
			isa = XCSwiftPackageProductDependency;
			package = 946AFED62E14621400DCF1CD /* XCRemoteSwiftPackageReference "firebase-ios-sdk" */;
			productName = "FirebaseFirestoreCombine-Community";
		};
		946AFEF72E1463E100DCF1CD /* FirebaseFunctions */ = {
			isa = XCSwiftPackageProductDependency;
			package = 946AFED62E14621400DCF1CD /* XCRemoteSwiftPackageReference "firebase-ios-sdk" */;
			productName = FirebaseFunctions;
		};
		946AFEF92E1463E100DCF1CD /* FirebaseFunctionsCombine-Community */ = {
			isa = XCSwiftPackageProductDependency;
			package = 946AFED62E14621400DCF1CD /* XCRemoteSwiftPackageReference "firebase-ios-sdk" */;
			productName = "FirebaseFunctionsCombine-Community";
		};
		946AFEFB2E1463E100DCF1CD /* FirebaseInAppMessaging-Beta */ = {
			isa = XCSwiftPackageProductDependency;
			package = 946AFED62E14621400DCF1CD /* XCRemoteSwiftPackageReference "firebase-ios-sdk" */;
			productName = "FirebaseInAppMessaging-Beta";
		};
		946AFEFD2E1463E100DCF1CD /* FirebaseInstallations */ = {
			isa = XCSwiftPackageProductDependency;
			package = 946AFED62E14621400DCF1CD /* XCRemoteSwiftPackageReference "firebase-ios-sdk" */;
			productName = FirebaseInstallations;
		};
		946AFEFF2E1463E100DCF1CD /* FirebaseMLModelDownloader */ = {
			isa = XCSwiftPackageProductDependency;
			package = 946AFED62E14621400DCF1CD /* XCRemoteSwiftPackageReference "firebase-ios-sdk" */;
			productName = FirebaseMLModelDownloader;
		};
		946AFF012E1463E100DCF1CD /* FirebaseMessaging */ = {
			isa = XCSwiftPackageProductDependency;
			package = 946AFED62E14621400DCF1CD /* XCRemoteSwiftPackageReference "firebase-ios-sdk" */;
			productName = FirebaseMessaging;
		};
		946AFF032E1463E100DCF1CD /* FirebasePerformance */ = {
			isa = XCSwiftPackageProductDependency;
			package = 946AFED62E14621400DCF1CD /* XCRemoteSwiftPackageReference "firebase-ios-sdk" */;
			productName = FirebasePerformance;
		};
		946AFF052E1463E100DCF1CD /* FirebaseRemoteConfig */ = {
			isa = XCSwiftPackageProductDependency;
			package = 946AFED62E14621400DCF1CD /* XCRemoteSwiftPackageReference "firebase-ios-sdk" */;
			productName = FirebaseRemoteConfig;
		};
		946AFF072E1463E100DCF1CD /* FirebaseStorage */ = {
			isa = XCSwiftPackageProductDependency;
			package = 946AFED62E14621400DCF1CD /* XCRemoteSwiftPackageReference "firebase-ios-sdk" */;
			productName = FirebaseStorage;
		};
		946AFF092E1463E100DCF1CD /* FirebaseStorageCombine-Community */ = {
			isa = XCSwiftPackageProductDependency;
			package = 946AFED62E14621400DCF1CD /* XCRemoteSwiftPackageReference "firebase-ios-sdk" */;
			productName = "FirebaseStorageCombine-Community";
		};
/* End XCSwiftPackageProductDependency section */
	};
	rootObject = 689605B02E132F0200AD0611 /* Project object */;
}
